
Microsoft Visual Studio Solution File, Format Version 12.00
# Visual Studio Version 17
VisualStudioVersion = 17.2.32616.157
MinimumVisualStudioVersion = 10.0.40219.1
Project("{9A19103F-16F7-4668-BE54-9A1E7A4F7556}") = "EfCore.DatabaseFirstByScaffold", "EfCore.DatabaseFirstByScaffold\EfCore.DatabaseFirstByScaffold.csproj", "{607C7167-4B8D-42BA-9E6E-4F509C6697E5}"
EndProject
Project("{9A19103F-16F7-4668-BE54-9A1E7A4F7556}") = "EfCore.DatabaseFirst", "EfCore.DatabaseFirst\EfCore.DatabaseFirst.csproj", "{9AD8518A-E345-4586-9416-D5C5FDF9AD33}"
EndProject
Project("{9A19103F-16F7-4668-BE54-9A1E7A4F7556}") = "EFCore.CodeFirst", "EFCore.CodeFirst\EFCore.CodeFirst.csproj", "{2C15EBC6-B79F-4E88-954D-660591BEBCC5}"
EndProject
Project("{9A19103F-16F7-4668-BE54-9A1E7A4F7556}") = "EfCore.RelationShip.OneToMany", "EfCore.RelationShip.OneToMany\EfCore.RelationShip.OneToMany.csproj", "{CD9229E2-83E5-40D0-B5B4-F4539DF6D64C}"
EndProject
Project("{FAE04EC0-301F-11D3-BF4B-00C04F79EFBC}") = "EntityFrameworkCore.CodeFirst.Query", "EntityFrameworkCore.CodeFirst.Query\EntityFrameworkCore.CodeFirst.Query.csproj", "{2E6F71DC-876F-41D6-92A7-80FD479E20D9}"
EndProject
Project("{2150E333-8FDC-42A3-9474-1A3956D46DE8}") = "Solution Items", "Solution Items", "{C3B8EAC4-DBF0-4AD8-A736-235A73C9D6A6}"
	ProjectSection(SolutionItems) = preProject
		.editorconfig = .editorconfig
	EndProjectSection
EndProject
Global
	GlobalSection(SolutionConfigurationPlatforms) = preSolution
		Debug|Any CPU = Debug|Any CPU
		Release|Any CPU = Release|Any CPU
	EndGlobalSection
	GlobalSection(ProjectConfigurationPlatforms) = postSolution
		{607C7167-4B8D-42BA-9E6E-4F509C6697E5}.Debug|Any CPU.ActiveCfg = Debug|Any CPU
		{607C7167-4B8D-42BA-9E6E-4F509C6697E5}.Debug|Any CPU.Build.0 = Debug|Any CPU
		{607C7167-4B8D-42BA-9E6E-4F509C6697E5}.Release|Any CPU.ActiveCfg = Release|Any CPU
		{607C7167-4B8D-42BA-9E6E-4F509C6697E5}.Release|Any CPU.Build.0 = Release|Any CPU
		{9AD8518A-E345-4586-9416-D5C5FDF9AD33}.Debug|Any CPU.ActiveCfg = Debug|Any CPU
		{9AD8518A-E345-4586-9416-D5C5FDF9AD33}.Debug|Any CPU.Build.0 = Debug|Any CPU
		{9AD8518A-E345-4586-9416-D5C5FDF9AD33}.Release|Any CPU.ActiveCfg = Release|Any CPU
		{9AD8518A-E345-4586-9416-D5C5FDF9AD33}.Release|Any CPU.Build.0 = Release|Any CPU
		{2C15EBC6-B79F-4E88-954D-660591BEBCC5}.Debug|Any CPU.ActiveCfg = Debug|Any CPU
		{2C15EBC6-B79F-4E88-954D-660591BEBCC5}.Debug|Any CPU.Build.0 = Debug|Any CPU
		{2C15EBC6-B79F-4E88-954D-660591BEBCC5}.Release|Any CPU.ActiveCfg = Release|Any CPU
		{2C15EBC6-B79F-4E88-954D-660591BEBCC5}.Release|Any CPU.Build.0 = Release|Any CPU
		{CD9229E2-83E5-40D0-B5B4-F4539DF6D64C}.Debug|Any CPU.ActiveCfg = Debug|Any CPU
		{CD9229E2-83E5-40D0-B5B4-F4539DF6D64C}.Debug|Any CPU.Build.0 = Debug|Any CPU
		{CD9229E2-83E5-40D0-B5B4-F4539DF6D64C}.Release|Any CPU.ActiveCfg = Release|Any CPU
		{CD9229E2-83E5-40D0-B5B4-F4539DF6D64C}.Release|Any CPU.Build.0 = Release|Any CPU
		{2E6F71DC-876F-41D6-92A7-80FD479E20D9}.Debug|Any CPU.ActiveCfg = Debug|Any CPU
		{2E6F71DC-876F-41D6-92A7-80FD479E20D9}.Debug|Any CPU.Build.0 = Debug|Any CPU
		{2E6F71DC-876F-41D6-92A7-80FD479E20D9}.Release|Any CPU.ActiveCfg = Release|Any CPU
		{2E6F71DC-876F-41D6-92A7-80FD479E20D9}.Release|Any CPU.Build.0 = Release|Any CPU
	EndGlobalSection
	GlobalSection(SolutionProperties) = preSolution
		HideSolutionNode = FALSE
	EndGlobalSection
	GlobalSection(ExtensibilityGlobals) = postSolution
		SolutionGuid = {CC7EAAB8-5D16-442F-8EBA-7FE084957ED2}
	EndGlobalSection
EndGlobal
