
Microsoft Visual Studio Solution File, Format Version 12.00
# Visual Studio Version 17
VisualStudioVersion = 17.2.32616.157
MinimumVisualStudioVersion = 10.0.40219.1
Project("{FAE04EC0-301F-11D3-BF4B-00C04F79EFBC}") = "EfCore.DatabaseFirstByScaffold", "EfCore.DatabaseFirstByScaffold\EfCore.DatabaseFirstByScaffold.csproj", "{607C7167-4B8D-42BA-9E6E-4F509C6697E5}"
EndProject
Project("{FAE04EC0-301F-11D3-BF4B-00C04F79EFBC}") = "EfCore.DatabaseFirst", "EfCore.DatabaseFirst\EfCore.DatabaseFirst.csproj", "{9AD8518A-E345-4586-9416-D5C5FDF9AD33}"
EndProject
Project("{FAE04EC0-301F-11D3-BF4B-00C04F79EFBC}") = "EFCore.CodeFirst", "EFCore.CodeFirst\EFCore.CodeFirst.csproj", "{2C15EBC6-B79F-4E88-954D-660591BEBCC5}"
EndProject
Global
	GlobalSection(SolutionConfigurationPlatforms) = preSolution
		Debug|Any CPU = Debug|Any CPU
		Release|Any CPU = Release|Any CPU
	EndGlobalSection
	GlobalSection(ProjectConfigurationPlatforms) = postSolution
		{607C7167-4B8D-42BA-9E6E-4F509C6697E5}.Debug|Any CPU.ActiveCfg = Debug|Any CPU
		{607C7167-4B8D-42BA-9E6E-4F509C6697E5}.Debug|Any CPU.Build.0 = Debug|Any CPU
		{607C7167-4B8D-42BA-9E6E-4F509C6697E5}.Release|Any CPU.ActiveCfg = Release|Any CPU
		{607C7167-4B8D-42BA-9E6E-4F509C6697E5}.Release|Any CPU.Build.0 = Release|Any CPU
		{9AD8518A-E345-4586-9416-D5C5FDF9AD33}.Debug|Any CPU.ActiveCfg = Debug|Any CPU
		{9AD8518A-E345-4586-9416-D5C5FDF9AD33}.Debug|Any CPU.Build.0 = Debug|Any CPU
		{9AD8518A-E345-4586-9416-D5C5FDF9AD33}.Release|Any CPU.ActiveCfg = Release|Any CPU
		{9AD8518A-E345-4586-9416-D5C5FDF9AD33}.Release|Any CPU.Build.0 = Release|Any CPU
		{2C15EBC6-B79F-4E88-954D-660591BEBCC5}.Debug|Any CPU.ActiveCfg = Debug|Any CPU
		{2C15EBC6-B79F-4E88-954D-660591BEBCC5}.Debug|Any CPU.Build.0 = Debug|Any CPU
		{2C15EBC6-B79F-4E88-954D-660591BEBCC5}.Release|Any CPU.ActiveCfg = Release|Any CPU
		{2C15EBC6-B79F-4E88-954D-660591BEBCC5}.Release|Any CPU.Build.0 = Release|Any CPU
	EndGlobalSection
	GlobalSection(SolutionProperties) = preSolution
		HideSolutionNode = FALSE
	EndGlobalSection
	GlobalSection(ExtensibilityGlobals) = postSolution
		SolutionGuid = {CC7EAAB8-5D16-442F-8EBA-7FE084957ED2}
	EndGlobalSection
EndGlobal
